<?xml version="1.0" encoding="utf-8"?>
<Project ToolsVersion="4.0" xmlns="http://schemas.microsoft.com/developer/msbuild/2003">
  <ItemGroup>
    <ClCompile Include="src\Audio.cpp">
      <Filter>SourceFilles\Engine</Filter>
    </ClCompile>
    <ClCompile Include="src\DialogoM.cpp">
      <Filter>SourceFilles\Engine</Filter>
    </ClCompile>
    <ClCompile Include="src\Engine.cpp">
      <Filter>SourceFilles\Engine</Filter>
    </ClCompile>
    <ClCompile Include="src\Input.cpp">
      <Filter>SourceFilles\Engine</Filter>
    </ClCompile>
    <ClCompile Include="src\Map.cpp">
      <Filter>SourceFilles\Engine</Filter>
    </ClCompile>
    <ClCompile Include="src\Physics.cpp">
      <Filter>SourceFilles\Engine</Filter>
    </ClCompile>
    <ClCompile Include="src\PlatformGame.cpp">
      <Filter>SourceFilles\Engine</Filter>
    </ClCompile>
    <ClCompile Include="src\Render.cpp">
      <Filter>SourceFilles\Engine</Filter>
    </ClCompile>
    <ClCompile Include="src\SceneLoader.cpp">
      <Filter>SourceFilles\Engine</Filter>
    </ClCompile>
    <ClCompile Include="src\Textures.cpp">
      <Filter>SourceFilles\Engine</Filter>
    </ClCompile>
    <ClCompile Include="src\UI.cpp">
      <Filter>SourceFilles\Engine</Filter>
    </ClCompile>
    <ClCompile Include="src\Window.cpp">
      <Filter>SourceFilles\Engine</Filter>
    </ClCompile>
    <ClCompile Include="src\GuiControlButton.cpp">
      <Filter>SourceFilles\Engine\Gui</Filter>
    </ClCompile>
    <ClCompile Include="src\GuiManager.cpp">
      <Filter>SourceFilles\Engine\Gui</Filter>
    </ClCompile>
    <ClCompile Include="src\EntityManager.cpp">
      <Filter>SourceFilles\Engine\Entities</Filter>
    </ClCompile>
    <ClCompile Include="src\Pathfinding.cpp">
      <Filter>SourceFilles\Engine\Entities</Filter>
    </ClCompile>
    <ClCompile Include="src\Boss.cpp">
      <Filter>SourceFilles\Game\Enemies</Filter>
    </ClCompile>
    <ClCompile Include="src\Bufon.cpp">
      <Filter>SourceFilles\Game\Enemies</Filter>
    </ClCompile>
    <ClCompile Include="src\Caronte.cpp">
      <Filter>SourceFilles\Game\Enemies</Filter>
    </ClCompile>
    <ClCompile Include="src\Explosivo.cpp">
      <Filter>SourceFilles\Game\Enemies</Filter>
    </ClCompile>
    <ClCompile Include="src\Terrestre.cpp">
      <Filter>SourceFilles\Game\Enemies</Filter>
    </ClCompile>
    <ClCompile Include="src\Volador.cpp">
      <Filter>SourceFilles\Game\Enemies</Filter>
    </ClCompile>
    <ClCompile Include="src\MosaicLevers.cpp">
      <Filter>SourceFilles\Game\Mosaic</Filter>
    </ClCompile>
    <ClCompile Include="src\MosaicPiece.cpp">
      <Filter>SourceFilles\Game\Mosaic</Filter>
    </ClCompile>
    <ClCompile Include="src\MosaicPuzzle.cpp">
      <Filter>SourceFilles\Game\Mosaic</Filter>
    </ClCompile>
    <ClCompile Include="src\Checkpoints.cpp">
      <Filter>SourceFilles\Game</Filter>
    </ClCompile>
    <ClCompile Include="src\Doors.cpp">
      <Filter>SourceFilles\Game</Filter>
    </ClCompile>
    <ClCompile Include="src\Elevators.cpp">
      <Filter>SourceFilles\Game</Filter>
    </ClCompile>
    <ClCompile Include="src\Estatua.cpp">
      <Filter>SourceFilles\Game</Filter>
    </ClCompile>
    <ClCompile Include="src\Levers.cpp">
      <Filter>SourceFilles\Game</Filter>
    </ClCompile>
    <ClCompile Include="src\Item.cpp">
      <Filter>SourceFilles\Game</Filter>
    </ClCompile>
    <ClCompile Include="src\Mapa.cpp">
      <Filter>SourceFilles\Game</Filter>
    </ClCompile>
    <ClCompile Include="src\Player.cpp">
      <Filter>SourceFilles\Game</Filter>
    </ClCompile>
    <ClCompile Include="src\Projectiles.cpp">
      <Filter>SourceFilles\Game</Filter>
    </ClCompile>
    <ClCompile Include="src\Scene.cpp">
      <Filter>SourceFilles\Game</Filter>
    </ClCompile>
    <ClCompile Include="src\Ffmpeg.cpp">
      <Filter>SourceFilles\Utils</Filter>
    </ClCompile>
    <ClCompile Include="src\Log.cpp">
      <Filter>SourceFilles\Utils</Filter>
    </ClCompile>
    <ClCompile Include="src\PerfTimer.cpp">
      <Filter>SourceFilles\Utils</Filter>
    </ClCompile>
    <ClCompile Include="src\Timer.cpp">
      <Filter>SourceFilles\Utils</Filter>
    </ClCompile>
    <ClCompile Include="src\Vector2D.cpp">
      <Filter>SourceFilles\Utils</Filter>
    </ClCompile>
    <ClCompile Include="src\Devil.cpp">
      <Filter>SourceFilles\Game\Enemies</Filter>
    </ClCompile>
    <ClCompile Include="src\GlobalSettings.cpp">
      <Filter>SourceFilles\Utils</Filter>
    </ClCompile>
  </ItemGroup>
  <ItemGroup>
    <ClInclude Include="src\Audio.h">
      <Filter>SourceFilles\Engine</Filter>
    </ClInclude>
    <ClInclude Include="src\DialogoM.h">
      <Filter>SourceFilles\Engine</Filter>
    </ClInclude>
    <ClInclude Include="src\Engine.h">
      <Filter>SourceFilles\Engine</Filter>
    </ClInclude>
    <ClInclude Include="src\Input.h">
      <Filter>SourceFilles\Engine</Filter>
    </ClInclude>
    <ClInclude Include="src\Map.h">
      <Filter>SourceFilles\Engine</Filter>
    </ClInclude>
    <ClInclude Include="src\Module.h">
      <Filter>SourceFilles\Engine</Filter>
    </ClInclude>
    <ClInclude Include="src\Physics.h">
      <Filter>SourceFilles\Engine</Filter>
    </ClInclude>
    <ClInclude Include="src\Render.h">
      <Filter>SourceFilles\Engine</Filter>
    </ClInclude>
    <ClInclude Include="src\SceneLoader.h">
      <Filter>SourceFilles\Engine</Filter>
    </ClInclude>
    <ClInclude Include="src\Textures.h">
      <Filter>SourceFilles\Engine</Filter>
    </ClInclude>
    <ClInclude Include="src\UI.h">
      <Filter>SourceFilles\Engine</Filter>
    </ClInclude>
    <ClInclude Include="src\Window.h">
      <Filter>SourceFilles\Engine</Filter>
    </ClInclude>
    <ClInclude Include="src\GuiControl.h">
      <Filter>SourceFilles\Engine\Gui</Filter>
    </ClInclude>
    <ClInclude Include="src\GuiControlButton.h">
      <Filter>SourceFilles\Engine\Gui</Filter>
    </ClInclude>
    <ClInclude Include="src\GuiManager.h">
      <Filter>SourceFilles\Engine\Gui</Filter>
    </ClInclude>
    <ClInclude Include="src\EntityManager.h">
      <Filter>SourceFilles\Engine\Entities</Filter>
    </ClInclude>
    <ClInclude Include="src\Pathfinding.h">
      <Filter>SourceFilles\Engine\Entities</Filter>
    </ClInclude>
    <ClInclude Include="src\Boss.h">
      <Filter>SourceFilles\Game\Enemies</Filter>
    </ClInclude>
    <ClInclude Include="src\Bufon.h">
      <Filter>SourceFilles\Game\Enemies</Filter>
    </ClInclude>
    <ClInclude Include="src\Caronte.h">
      <Filter>SourceFilles\Game\Enemies</Filter>
    </ClInclude>
    <ClInclude Include="src\Explosivo.h">
      <Filter>SourceFilles\Game\Enemies</Filter>
    </ClInclude>
    <ClInclude Include="src\Terrestre.h">
      <Filter>SourceFilles\Game\Enemies</Filter>
    </ClInclude>
    <ClInclude Include="src\Volador.h">
      <Filter>SourceFilles\Game\Enemies</Filter>
    </ClInclude>
    <ClInclude Include="src\MosaicLevers.h">
      <Filter>SourceFilles\Game\Mosaic</Filter>
    </ClInclude>
    <ClInclude Include="src\MosaicPiece.h">
      <Filter>SourceFilles\Game\Mosaic</Filter>
    </ClInclude>
    <ClInclude Include="src\MosaicPuzzle.h">
      <Filter>SourceFilles\Game\Mosaic</Filter>
    </ClInclude>
    <ClInclude Include="src\Checkpoints.h">
      <Filter>SourceFilles\Game</Filter>
    </ClInclude>
    <ClInclude Include="src\Doors.h">
      <Filter>SourceFilles\Game</Filter>
    </ClInclude>
    <ClInclude Include="src\Elevators.h">
      <Filter>SourceFilles\Game</Filter>
    </ClInclude>
    <ClInclude Include="src\Estatua.h">
      <Filter>SourceFilles\Game</Filter>
    </ClInclude>
    <ClInclude Include="src\Levers.h">
      <Filter>SourceFilles\Game</Filter>
    </ClInclude>
    <ClInclude Include="src\Item.h">
      <Filter>SourceFilles\Game</Filter>
    </ClInclude>
    <ClInclude Include="src\Mapa.h">
      <Filter>SourceFilles\Game</Filter>
    </ClInclude>
    <ClInclude Include="src\Player.h">
      <Filter>SourceFilles\Game</Filter>
    </ClInclude>
    <ClInclude Include="src\Projectiles.h">
      <Filter>SourceFilles\Game</Filter>
    </ClInclude>
    <ClInclude Include="src\Scene.h">
      <Filter>SourceFilles\Game</Filter>
    </ClInclude>
    <ClInclude Include="src\Entity.h">
      <Filter>SourceFilles\Engine\Entities</Filter>
    </ClInclude>
    <ClInclude Include="src\Ffmpeg.h">
      <Filter>SourceFilles\Utils</Filter>
    </ClInclude>
    <ClInclude Include="src\Log.h">
      <Filter>SourceFilles\Utils</Filter>
    </ClInclude>
    <ClInclude Include="src\PerfTimer.h">
      <Filter>SourceFilles\Utils</Filter>
    </ClInclude>
    <ClInclude Include="Point.h">
      <Filter>SourceFilles\Utils</Filter>
    </ClInclude>
    <ClInclude Include="src\Timer.h">
      <Filter>SourceFilles\Utils</Filter>
    </ClInclude>
    <ClInclude Include="src\Vector2D.h">
      <Filter>SourceFilles\Utils</Filter>
    </ClInclude>
    <ClInclude Include="src\Animation.h">
      <Filter>SourceFilles\Utils</Filter>
    </ClInclude>
    <ClInclude Include="src\Devil.h">
      <Filter>SourceFilles\Game\Enemies</Filter>
    </ClInclude>
    <ClInclude Include="src\GlobalSettings.h">
      <Filter>SourceFilles\Utils</Filter>
    </ClInclude>
  </ItemGroup>
  <ItemGroup>
    <None Include=".gitignore">
      <Filter>ConfigurationFilles</Filter>
    </None>
    <None Include="vcpkg.json">
      <Filter>ConfigurationFilles</Filter>
    </None>
    <None Include="vcpkg-configuration.json">
      <Filter>ConfigurationFilles</Filter>
    </None>
  </ItemGroup>
  <ItemGroup>
    <Filter Include="SourceFilles">
      <UniqueIdentifier>{07a7569f-bc66-4367-980a-a3d2156b15d6}</UniqueIdentifier>
    </Filter>
    <Filter Include="SourceFilles\Engine">
      <UniqueIdentifier>{101ffafd-c945-4bfd-bca9-4e0be3d93b82}</UniqueIdentifier>
    </Filter>
    <Filter Include="SourceFilles\Engine\Gui">
      <UniqueIdentifier>{9d485bcd-d7b9-4268-9304-5b9f60d6e8f9}</UniqueIdentifier>
    </Filter>
    <Filter Include="SourceFilles\Engine\Entities">
      <UniqueIdentifier>{d10ca028-971c-4cf3-b1c7-8c1ee66843ee}</UniqueIdentifier>
    </Filter>
    <Filter Include="SourceFilles\Game">
      <UniqueIdentifier>{34429da5-2839-4761-8cfe-7342dde45bb1}</UniqueIdentifier>
    </Filter>
    <Filter Include="SourceFilles\Game\Enemies">
      <UniqueIdentifier>{916b306a-69b7-46c5-a397-7583aee4c2c7}</UniqueIdentifier>
    </Filter>
    <Filter Include="SourceFilles\Game\Mosaic">
      <UniqueIdentifier>{d0ac2a55-781a-4e62-b1bd-05b76cd293f7}</UniqueIdentifier>
    </Filter>
    <Filter Include="SourceFilles\Utils">
      <UniqueIdentifier>{22b704c0-3b7f-4c0e-8b34-40cfba608f94}</UniqueIdentifier>
    </Filter>
    <Filter Include="ConfigurationFilles">
      <UniqueIdentifier>{2292ad5a-1874-41e4-b8fc-aa1c57105cc6}</UniqueIdentifier>
    </Filter>
  </ItemGroup>
  <ItemGroup>
    <Xml Include="config.xml">
      <Filter>ConfigurationFilles</Filter>
    </Xml>
  </ItemGroup>
</Project>