<?xml version="1.0" encoding="utf-8"?>
<Project ToolsVersion="4.0" xmlns="http://schemas.microsoft.com/developer/msbuild/2003">
  <ItemGroup>
    <ClCompile Include="src\Audio.cpp">
      <Filter>Source Filles\Engine</Filter>
    </ClCompile>
    <ClCompile Include="src\Ffmpeg.cpp">
      <Filter>Source Filles\Utils</Filter>
    </ClCompile>
    <ClCompile Include="src\Log.cpp">
      <Filter>Source Filles\Utils</Filter>
    </ClCompile>
    <ClCompile Include="src\Boss.cpp">
      <Filter>Source Filles\Game</Filter>
    </ClCompile>
    <ClCompile Include="src\Item.cpp">
      <Filter>Source Filles\Game</Filter>
    </ClCompile>
    <ClCompile Include="src\Player.cpp">
      <Filter>Source Filles\Game</Filter>
    </ClCompile>
    <ClCompile Include="src\Terrestre.cpp">
      <Filter>Source Filles\Game</Filter>
    </ClCompile>
    <ClCompile Include="src\Volador.cpp">
      <Filter>Source Filles\Game</Filter>
    </ClCompile>
    <ClCompile Include="src\Scene.cpp">
      <Filter>Source Filles\Game</Filter>
    </ClCompile>
    <ClCompile Include="src\DialogoM.cpp">
      <Filter>Source Filles\Engine</Filter>
    </ClCompile>
    <ClCompile Include="src\Engine.cpp">
      <Filter>Source Filles\Engine</Filter>
    </ClCompile>
    <ClCompile Include="src\Map.cpp">
      <Filter>Source Filles\Engine</Filter>
    </ClCompile>
    <ClCompile Include="src\Physics.cpp">
      <Filter>Source Filles\Engine</Filter>
    </ClCompile>
    <ClCompile Include="src\PlatformGame.cpp">
      <Filter>Source Filles\Engine</Filter>
    </ClCompile>
    <ClCompile Include="src\SceneLoader.cpp">
      <Filter>Source Filles\Engine</Filter>
    </ClCompile>
    <ClCompile Include="src\Textures.cpp">
      <Filter>Source Filles\Engine</Filter>
    </ClCompile>
    <ClCompile Include="src\Window.cpp">
      <Filter>Source Filles\Engine</Filter>
    </ClCompile>
    <ClCompile Include="src\Timer.cpp">
      <Filter>Source Filles\Utils</Filter>
    </ClCompile>
    <ClCompile Include="src\Vector2D.cpp">
      <Filter>Source Filles\Utils</Filter>
    </ClCompile>
    <ClCompile Include="src\Input.cpp">
      <Filter>Source Filles\Engine</Filter>
    </ClCompile>
    <ClCompile Include="src\PerfTimer.cpp">
      <Filter>Source Filles\Utils</Filter>
    </ClCompile>
    <ClCompile Include="src\Render.cpp">
      <Filter>Source Filles\Engine</Filter>
    </ClCompile>
    <ClCompile Include="src\Caronte.cpp">
      <Filter>Source Filles\Game</Filter>
    </ClCompile>
    <ClCompile Include="src\Doors.cpp">
      <Filter>Source Filles\Game</Filter>
    </ClCompile>
    <ClCompile Include="src\Levers.cpp">
      <Filter>Source Filles\Game</Filter>
    </ClCompile>
    <ClCompile Include="src\Elevators.cpp">
      <Filter>Source Filles\Utils</Filter>
    </ClCompile>
    <ClCompile Include="src\Projectiles.cpp">
      <Filter>Source Filles\Game</Filter>
    </ClCompile>
    <ClCompile Include="src\GuiControlButton.cpp">
      <Filter>Source Filles\Engine\Gui</Filter>
    </ClCompile>
    <ClCompile Include="src\GuiManager.cpp">
      <Filter>Source Filles\Engine\Gui</Filter>
    </ClCompile>
    <ClCompile Include="src\EntityManager.cpp">
      <Filter>Source Filles\Engine\Entities</Filter>
    </ClCompile>
    <ClCompile Include="src\Pathfinding.cpp">
      <Filter>Source Filles\Engine\Entities</Filter>
    </ClCompile>
  </ItemGroup>
  <ItemGroup>
    <ClInclude Include="src\Audio.h">
      <Filter>Source Filles\Engine</Filter>
    </ClInclude>
    <ClInclude Include="src\Animation.h">
      <Filter>Source Filles\Utils</Filter>
    </ClInclude>
    <ClInclude Include="src\Ffmpeg.h">
      <Filter>Source Filles\Utils</Filter>
    </ClInclude>
    <ClInclude Include="src\Log.h">
      <Filter>Source Filles\Utils</Filter>
    </ClInclude>
    <ClInclude Include="Point.h">
      <Filter>Source Filles\Utils</Filter>
    </ClInclude>
    <ClInclude Include="src\Boss.h">
      <Filter>Source Filles\Game</Filter>
    </ClInclude>
    <ClInclude Include="src\Item.h">
      <Filter>Source Filles\Game</Filter>
    </ClInclude>
    <ClInclude Include="src\Player.h">
      <Filter>Source Filles\Game</Filter>
    </ClInclude>
    <ClInclude Include="src\Terrestre.h">
      <Filter>Source Filles\Game</Filter>
    </ClInclude>
    <ClInclude Include="src\Volador.h">
      <Filter>Source Filles\Game</Filter>
    </ClInclude>
    <ClInclude Include="src\Scene.h">
      <Filter>Source Filles\Game</Filter>
    </ClInclude>
    <ClInclude Include="src\DialogoM.h">
      <Filter>Source Filles\Engine</Filter>
    </ClInclude>
    <ClInclude Include="src\Engine.h">
      <Filter>Source Filles\Engine</Filter>
    </ClInclude>
    <ClInclude Include="src\Map.h">
      <Filter>Source Filles\Engine</Filter>
    </ClInclude>
    <ClInclude Include="src\Module.h">
      <Filter>Source Filles\Engine</Filter>
    </ClInclude>
    <ClInclude Include="src\Physics.h">
      <Filter>Source Filles\Engine</Filter>
    </ClInclude>
    <ClInclude Include="src\SceneLoader.h">
      <Filter>Source Filles\Engine</Filter>
    </ClInclude>
    <ClInclude Include="src\Textures.h">
      <Filter>Source Filles\Engine</Filter>
    </ClInclude>
    <ClInclude Include="src\Window.h">
      <Filter>Source Filles\Engine</Filter>
    </ClInclude>
    <ClInclude Include="src\Vector2D.h">
      <Filter>Source Filles\Utils</Filter>
    </ClInclude>
    <ClInclude Include="src\Timer.h">
      <Filter>Source Filles\Utils</Filter>
    </ClInclude>
    <ClInclude Include="src\Input.h">
      <Filter>Source Filles\Engine</Filter>
    </ClInclude>
    <ClInclude Include="src\PerfTimer.h">
      <Filter>Source Filles\Utils</Filter>
    </ClInclude>
    <ClInclude Include="src\Render.h">
      <Filter>Source Filles\Engine</Filter>
    </ClInclude>
    <ClInclude Include="src\Caronte.h">
      <Filter>Source Filles\Game</Filter>
    </ClInclude>
    <ClInclude Include="src\Doors.h">
      <Filter>Source Filles\Game</Filter>
    </ClInclude>
    <ClInclude Include="src\Levers.h">
      <Filter>Source Filles\Game</Filter>
    </ClInclude>
    <ClInclude Include="src\Elevators.h">
      <Filter>Source Filles\Utils</Filter>
    </ClInclude>
    <ClInclude Include="src\Projectiles.h">
      <Filter>Source Filles\Game</Filter>
    </ClInclude>
    <ClInclude Include="src\GuiControl.h">
      <Filter>Source Filles\Engine\Gui</Filter>
    </ClInclude>
    <ClInclude Include="src\GuiControlButton.h">
      <Filter>Source Filles\Engine\Gui</Filter>
    </ClInclude>
    <ClInclude Include="src\GuiManager.h">
      <Filter>Source Filles\Engine\Gui</Filter>
    </ClInclude>
    <ClInclude Include="src\Entity.h">
      <Filter>Source Filles\Engine\Entities</Filter>
    </ClInclude>
    <ClInclude Include="src\EntityManager.h">
      <Filter>Source Filles\Engine\Entities</Filter>
    </ClInclude>
    <ClInclude Include="src\Pathfinding.h">
      <Filter>Source Filles\Engine\Entities</Filter>
    </ClInclude>
  </ItemGroup>
  <ItemGroup>
    <None Include=".gitignore">
      <Filter>Configuration Files</Filter>
    </None>
    <None Include="vcpkg-configuration.json">
      <Filter>Configuration Files</Filter>
    </None>
    <None Include="vcpkg.json">
      <Filter>Configuration Files</Filter>
    </None>
  </ItemGroup>
  <ItemGroup>
    <Filter Include="Source Filles">
      <UniqueIdentifier>{007fa80e-eb5d-4aee-bb91-cfc4f0ac7eb6}</UniqueIdentifier>
    </Filter>
    <Filter Include="Source Filles\Game">
      <UniqueIdentifier>{a6ec0840-106d-4e9e-acb1-f642d2aefc15}</UniqueIdentifier>
    </Filter>
    <Filter Include="Source Filles\Utils">
      <UniqueIdentifier>{54d285fe-0158-47d3-9ac0-a81c4bc0ef04}</UniqueIdentifier>
    </Filter>
    <Filter Include="Configuration Files">
      <UniqueIdentifier>{3bda0684-3b68-4d85-b303-f1d1f82fe9c3}</UniqueIdentifier>
    </Filter>
    <Filter Include="Source Filles\Engine">
      <UniqueIdentifier>{0345ce0b-58d7-4d67-95d1-7c0f5a1be4a6}</UniqueIdentifier>
    </Filter>
    <Filter Include="Source Filles\Engine\Gui">
      <UniqueIdentifier>{6cc908a6-7228-492f-ac17-a34d245704b9}</UniqueIdentifier>
    </Filter>
    <Filter Include="Source Filles\Engine\Entities">
      <UniqueIdentifier>{da4651a5-73b5-4f65-b4ff-a3a6cf752fc4}</UniqueIdentifier>
    </Filter>
  </ItemGroup>
  <ItemGroup>
    <Xml Include="config.xml">
      <Filter>Configuration Files</Filter>
    </Xml>
  </ItemGroup>
</Project>